
Microsoft Visual Studio Solution File, Format Version 12.00
# Visual Studio Version 16
VisualStudioVersion = 25.0.1706.7
MinimumVisualStudioVersion = 10.0.40219.1
Project("{FAE04EC0-301F-11D3-BF4B-00C04F79EFBC}") = "Core.Persistance", "Core.Persistance.csproj", "{33094FB9-368D-4C96-BC69-55D042F29B67}"
EndProject
Global
	GlobalSection(SolutionConfigurationPlatforms) = preSolution
		Debug|Any CPU = Debug|Any CPU
		Release|Any CPU = Release|Any CPU
	EndGlobalSection
	GlobalSection(ProjectConfigurationPlatforms) = postSolution
		{33094FB9-368D-4C96-BC69-55D042F29B67}.Debug|Any CPU.ActiveCfg = Debug|Any CPU
		{33094FB9-368D-4C96-BC69-55D042F29B67}.Debug|Any CPU.Build.0 = Debug|Any CPU
		{33094FB9-368D-4C96-BC69-55D042F29B67}.Release|Any CPU.ActiveCfg = Release|Any CPU
		{33094FB9-368D-4C96-BC69-55D042F29B67}.Release|Any CPU.Build.0 = Release|Any CPU
	EndGlobalSection
	GlobalSection(SolutionProperties) = preSolution
		HideSolutionNode = FALSE
	EndGlobalSection
	GlobalSection(ExtensibilityGlobals) = postSolution
		SolutionGuid = {C466E238-1F35-412C-9115-C559F51B24C4}
	EndGlobalSection
EndGlobal
